// !$*UTF8*$!
{
	archiveVersion = 1;
	classes = {
	};
	objectVersion = 50;
	objects = {

/* Begin PBXBuildFile section */
		EF5D3E1A21B883F2003C11E2 /* AppDelegate.swift in Sources */ = {isa = PBXBuildFile; fileRef = EF5D3E1921B883F2003C11E2 /* AppDelegate.swift */; };
		EF5D3E1C21B883F2003C11E2 /* TodoListViewController.swift in Sources */ = {isa = PBXBuildFile; fileRef = EF5D3E1B21B883F2003C11E2 /* TodoListViewController.swift */; };
		EF5D3E1F21B883F2003C11E2 /* Main.storyboard in Resources */ = {isa = PBXBuildFile; fileRef = EF5D3E1D21B883F2003C11E2 /* Main.storyboard */; };
		EF5D3E2121B883F3003C11E2 /* Assets.xcassets in Resources */ = {isa = PBXBuildFile; fileRef = EF5D3E2021B883F3003C11E2 /* Assets.xcassets */; };
		EF5D3E2421B883F3003C11E2 /* LaunchScreen.storyboard in Resources */ = {isa = PBXBuildFile; fileRef = EF5D3E2221B883F3003C11E2 /* LaunchScreen.storyboard */; };
		EF5D3E3321B89FCE003C11E2 /* DataModel.xcdatamodeld in Sources */ = {isa = PBXBuildFile; fileRef = EF5D3E3121B89FCE003C11E2 /* DataModel.xcdatamodeld */; };
		EF5D3E5621B8AF59003C11E2 /* CategoryViewController.swift in Sources */ = {isa = PBXBuildFile; fileRef = EF5D3E5521B8AF59003C11E2 /* CategoryViewController.swift */; };
/* End PBXBuildFile section */

/* Begin PBXFileReference section */
		EF5D3E1621B883F2003C11E2 /* Todoey.app */ = {isa = PBXFileReference; explicitFileType = wrapper.application; includeInIndex = 0; path = Todoey.app; sourceTree = BUILT_PRODUCTS_DIR; };
		EF5D3E1921B883F2003C11E2 /* AppDelegate.swift */ = {isa = PBXFileReference; lastKnownFileType = sourcecode.swift; path = AppDelegate.swift; sourceTree = "<group>"; };
		EF5D3E1B21B883F2003C11E2 /* TodoListViewController.swift */ = {isa = PBXFileReference; lastKnownFileType = sourcecode.swift; path = TodoListViewController.swift; sourceTree = "<group>"; };
		EF5D3E1E21B883F2003C11E2 /* Base */ = {isa = PBXFileReference; lastKnownFileType = file.storyboard; name = Base; path = Base.lproj/Main.storyboard; sourceTree = "<group>"; };
		EF5D3E2021B883F3003C11E2 /* Assets.xcassets */ = {isa = PBXFileReference; lastKnownFileType = folder.assetcatalog; path = Assets.xcassets; sourceTree = "<group>"; };
		EF5D3E2321B883F3003C11E2 /* Base */ = {isa = PBXFileReference; lastKnownFileType = file.storyboard; name = Base; path = Base.lproj/LaunchScreen.storyboard; sourceTree = "<group>"; };
		EF5D3E2521B883F3003C11E2 /* Info.plist */ = {isa = PBXFileReference; lastKnownFileType = text.plist.xml; path = Info.plist; sourceTree = "<group>"; };
		EF5D3E3221B89FCE003C11E2 /* DataModel.xcdatamodel */ = {isa = PBXFileReference; lastKnownFileType = wrapper.xcdatamodel; path = DataModel.xcdatamodel; sourceTree = "<group>"; };
		EF5D3E5521B8AF59003C11E2 /* CategoryViewController.swift */ = {isa = PBXFileReference; lastKnownFileType = sourcecode.swift; path = CategoryViewController.swift; sourceTree = "<group>"; };
/* End PBXFileReference section */

/* Begin PBXFrameworksBuildPhase section */
		EF5D3E1321B883F2003C11E2 /* Frameworks */ = {
			isa = PBXFrameworksBuildPhase;
			buildActionMask = 2147483647;
			files = (
			);
			runOnlyForDeploymentPostprocessing = 0;
		};
/* End PBXFrameworksBuildPhase section */

/* Begin PBXGroup section */
		EF5D3E0D21B883F2003C11E2 = {
			isa = PBXGroup;
			children = (
				EF5D3E1821B883F2003C11E2 /* Todoey */,
				EF5D3E1721B883F2003C11E2 /* Products */,
			);
			sourceTree = "<group>";
		};
		EF5D3E1721B883F2003C11E2 /* Products */ = {
			isa = PBXGroup;
			children = (
				EF5D3E1621B883F2003C11E2 /* Todoey.app */,
			);
			name = Products;
			sourceTree = "<group>";
		};
		EF5D3E1821B883F2003C11E2 /* Todoey */ = {
			isa = PBXGroup;
			children = (
				EF5D3E1921B883F2003C11E2 /* AppDelegate.swift */,
				EF5D3E2E21B8937C003C11E2 /* Controller */,
				EF5D3E2F21B8938A003C11E2 /* View */,
				EF5D3E2D21B89369003C11E2 /* Data Model */,
				EF5D3E3021B893D0003C11E2 /* Supporting Files */,
				EF5D3E2521B883F3003C11E2 /* Info.plist */,
			);
			path = Todoey;
			sourceTree = "<group>";
		};
		EF5D3E2D21B89369003C11E2 /* Data Model */ = {
			isa = PBXGroup;
			children = (
				EF5D3E3121B89FCE003C11E2 /* DataModel.xcdatamodeld */,
			);
			path = "Data Model";
			sourceTree = "<group>";
		};
		EF5D3E2E21B8937C003C11E2 /* Controller */ = {
			isa = PBXGroup;
			children = (
				EF5D3E5521B8AF59003C11E2 /* CategoryViewController.swift */,
				EF5D3E1B21B883F2003C11E2 /* TodoListViewController.swift */,
			);
			path = Controller;
			sourceTree = "<group>";
		};
		EF5D3E2F21B8938A003C11E2 /* View */ = {
			isa = PBXGroup;
			children = (
				EF5D3E1D21B883F2003C11E2 /* Main.storyboard */,
			);
			path = View;
			sourceTree = "<group>";
		};
		EF5D3E3021B893D0003C11E2 /* Supporting Files */ = {
			isa = PBXGroup;
			children = (
				EF5D3E2021B883F3003C11E2 /* Assets.xcassets */,
				EF5D3E2221B883F3003C11E2 /* LaunchScreen.storyboard */,
			);
			path = "Supporting Files";
			sourceTree = "<group>";
		};
/* End PBXGroup section */

/* Begin PBXNativeTarget section */
		EF5D3E1521B883F2003C11E2 /* Todoey */ = {
			isa = PBXNativeTarget;
			buildConfigurationList = EF5D3E2821B883F3003C11E2 /* Build configuration list for PBXNativeTarget "Todoey" */;
			buildPhases = (
				EF5D3E1221B883F2003C11E2 /* Sources */,
				EF5D3E1321B883F2003C11E2 /* Frameworks */,
				EF5D3E1421B883F2003C11E2 /* Resources */,
			);
			buildRules = (
			);
			dependencies = (
			);
			name = Todoey;
			productName = Todoey;
			productReference = EF5D3E1621B883F2003C11E2 /* Todoey.app */;
			productType = "com.apple.product-type.application";
		};
/* End PBXNativeTarget section */

/* Begin PBXProject section */
		EF5D3E0E21B883F2003C11E2 /* Project object */ = {
			isa = PBXProject;
			attributes = {
				LastSwiftUpdateCheck = 1010;
				LastUpgradeCheck = 1010;
				ORGANIZATIONNAME = "Amarjit Singh";
				TargetAttributes = {
					EF5D3E1521B883F2003C11E2 = {
						CreatedOnToolsVersion = 10.1;
					};
				};
			};
			buildConfigurationList = EF5D3E1121B883F2003C11E2 /* Build configuration list for PBXProject "Todoey" */;
			compatibilityVersion = "Xcode 9.3";
			developmentRegion = en;
			hasScannedForEncodings = 0;
			knownRegions = (
				en,
				Base,
			);
			mainGroup = EF5D3E0D21B883F2003C11E2;
			productRefGroup = EF5D3E1721B883F2003C11E2 /* Products */;
			projectDirPath = "";
			projectRoot = "";
			targets = (
				EF5D3E1521B883F2003C11E2 /* Todoey */,
			);
		};
/* End PBXProject section */

/* Begin PBXResourcesBuildPhase section */
		EF5D3E1421B883F2003C11E2 /* Resources */ = {
			isa = PBXResourcesBuildPhase;
			buildActionMask = 2147483647;
			files = (
				EF5D3E2421B883F3003C11E2 /* LaunchScreen.storyboard in Resources */,
				EF5D3E2121B883F3003C11E2 /* Assets.xcassets in Resources */,
				EF5D3E1F21B883F2003C11E2 /* Main.storyboard in Resources */,
			);
			runOnlyForDeploymentPostprocessing = 0;
		};
/* End PBXResourcesBuildPhase section */

/* Begin PBXSourcesBuildPhase section */
		EF5D3E1221B883F2003C11E2 /* Sources */ = {
			isa = PBXSourcesBuildPhase;
			buildActionMask = 2147483647;
			files = (
				EF5D3E5621B8AF59003C11E2 /* CategoryViewController.swift in Sources */,
				EF5D3E1C21B883F2003C11E2 /* TodoListViewController.swift in Sources */,
				EF5D3E3321B89FCE003C11E2 /* DataModel.xcdatamodeld in Sources */,
				EF5D3E1A21B883F2003C11E2 /* AppDelegate.swift in Sources */,
			);
			runOnlyForDeploymentPostprocessing = 0;
		};
/* End PBXSourcesBuildPhase section */

/* Begin PBXVariantGroup section */
		EF5D3E1D21B883F2003C11E2 /* Main.storyboard */ = {
			isa = PBXVariantGroup;
			children = (
				EF5D3E1E21B883F2003C11E2 /* Base */,
			);
			name = Main.storyboard;
			sourceTree = "<group>";
		};
		EF5D3E2221B883F3003C11E2 /* LaunchScreen.storyboard */ = {
			isa = PBXVariantGroup;
			children = (
				EF5D3E2321B883F3003C11E2 /* Base */,
			);
			name = LaunchScreen.storyboard;
			sourceTree = "<group>";
		};
/* End PBXVariantGroup section */

/* Begin XCBuildConfiguration section */
		EF5D3E2621B883F3003C11E2 /* Debug */ = {
			isa = XCBuildConfiguration;
			buildSettings = {
				ALWAYS_SEARCH_USER_PATHS = NO;
				CLANG_ANALYZER_NONNULL = YES;
				CLANG_ANALYZER_NUMBER_OBJECT_CONVERSION = YES_AGGRESSIVE;
				CLANG_CXX_LANGUAGE_STANDARD = "gnu++14";
				CLANG_CXX_LIBRARY = "libc++";
				CLANG_ENABLE_MODULES = YES;
				CLANG_ENABLE_OBJC_ARC = YES;
				CLANG_ENABLE_OBJC_WEAK = YES;
				CLANG_WARN_BLOCK_CAPTURE_AUTORELEASING = YES;
				CLANG_WARN_BOOL_CONVERSION = YES;
				CLANG_WARN_COMMA = YES;
				CLANG_WARN_CONSTANT_CONVERSION = YES;
				CLANG_WARN_DEPRECATED_OBJC_IMPLEMENTATIONS = YES;
				CLANG_WARN_DIRECT_OBJC_ISA_USAGE = YES_ERROR;
				CLANG_WARN_DOCUMENTATION_COMMENTS = YES;
				CLANG_WARN_EMPTY_BODY = YES;
				CLANG_WARN_ENUM_CONVERSION = YES;
				CLANG_WARN_INFINITE_RECURSION = YES;
				CLANG_WARN_INT_CONVERSION = YES;
				CLANG_WARN_NON_LITERAL_NULL_CONVERSION = YES;
				CLANG_WARN_OBJC_IMPLICIT_RETAIN_SELF = YES;
				CLANG_WARN_OBJC_LITERAL_CONVERSION = YES;
				CLANG_WARN_OBJC_ROOT_CLASS = YES_ERROR;
				CLANG_WARN_RANGE_LOOP_ANALYSIS = YES;
				CLANG_WARN_STRICT_PROTOTYPES = YES;
				CLANG_WARN_SUSPICIOUS_MOVE = YES;
				CLANG_WARN_UNGUARDED_AVAILABILITY = YES_AGGRESSIVE;
				CLANG_WARN_UNREACHABLE_CODE = YES;
				CLANG_WARN__DUPLICATE_METHOD_MATCH = YES;
				CODE_SIGN_IDENTITY = "iPhone Developer";
				COPY_PHASE_STRIP = NO;
				DEBUG_INFORMATION_FORMAT = dwarf;
				ENABLE_STRICT_OBJC_MSGSEND = YES;
				ENABLE_TESTABILITY = YES;
				GCC_C_LANGUAGE_STANDARD = gnu11;
				GCC_DYNAMIC_NO_PIC = NO;
				GCC_NO_COMMON_BLOCKS = YES;
				GCC_OPTIMIZATION_LEVEL = 0;
				GCC_PREPROCESSOR_DEFINITIONS = (
					"DEBUG=1",
					"$(inherited)",
				);
				GCC_WARN_64_TO_32_BIT_CONVERSION = YES;
				GCC_WARN_ABOUT_RETURN_TYPE = YES_ERROR;
				GCC_WARN_UNDECLARED_SELECTOR = YES;
				GCC_WARN_UNINITIALIZED_AUTOS = YES_AGGRESSIVE;
				GCC_WARN_UNUSED_FUNCTION = YES;
				GCC_WARN_UNUSED_VARIABLE = YES;
				IPHONEOS_DEPLOYMENT_TARGET = 12.1;
				MTL_ENABLE_DEBUG_INFO = INCLUDE_SOURCE;
				MTL_FAST_MATH = YES;
				ONLY_ACTIVE_ARCH = YES;
				SDKROOT = iphoneos;
				SWIFT_ACTIVE_COMPILATION_CONDITIONS = DEBUG;
				SWIFT_OPTIMIZATION_LEVEL = "-Onone";
			};
			name = Debug;
		};
		EF5D3E2721B883F3003C11E2 /* Release */ = {
			isa = XCBuildConfiguration;
			buildSettings = {
				ALWAYS_SEARCH_USER_PATHS = NO;
				CLANG_ANALYZER_NONNULL = YES;
				CLANG_ANALYZER_NUMBER_OBJECT_CONVERSION = YES_AGGRESSIVE;
				CLANG_CXX_LANGUAGE_STANDARD = "gnu++14";
				CLANG_CXX_LIBRARY = "libc++";
				CLANG_ENABLE_MODULES = YES;
				CLANG_ENABLE_OBJC_ARC = YES;
				CLANG_ENABLE_OBJC_WEAK = YES;
				CLANG_WARN_BLOCK_CAPTURE_AUTORELEASING = YES;
				CLANG_WARN_BOOL_CONVERSION = YES;
				CLANG_WARN_COMMA = YES;
				CLANG_WARN_CONSTANT_CONVERSION = YES;
				CLANG_WARN_DEPRECATED_OBJC_IMPLEMENTATIONS = YES;
				CLANG_WARN_DIRECT_OBJC_ISA_USAGE = YES_ERROR;
				CLANG_WARN_DOCUMENTATION_COMMENTS = YES;
				CLANG_WARN_EMPTY_BODY = YES;
				CLANG_WARN_ENUM_CONVERSION = YES;
				CLANG_WARN_INFINITE_RECURSION = YES;
				CLANG_WARN_INT_CONVERSION = YES;
				CLANG_WARN_NON_LITERAL_NULL_CONVERSION = YES;
				CLANG_WARN_OBJC_IMPLICIT_RETAIN_SELF = YES;
				CLANG_WARN_OBJC_LITERAL_CONVERSION = YES;
				CLANG_WARN_OBJC_ROOT_CLASS = YES_ERROR;
				CLANG_WARN_RANGE_LOOP_ANALYSIS = YES;
				CLANG_WARN_STRICT_PROTOTYPES = YES;
				CLANG_WARN_SUSPICIOUS_MOVE = YES;
				CLANG_WARN_UNGUARDED_AVAILABILITY = YES_AGGRESSIVE;
				CLANG_WARN_UNREACHABLE_CODE = YES;
				CLANG_WARN__DUPLICATE_METHOD_MATCH = YES;
				CODE_SIGN_IDENTITY = "iPhone Developer";
				COPY_PHASE_STRIP = NO;
				DEBUG_INFORMATION_FORMAT = "dwarf-with-dsym";
				ENABLE_NS_ASSERTIONS = NO;
				ENABLE_STRICT_OBJC_MSGSEND = YES;
				GCC_C_LANGUAGE_STANDARD = gnu11;
				GCC_NO_COMMON_BLOCKS = YES;
				GCC_WARN_64_TO_32_BIT_CONVERSION = YES;
				GCC_WARN_ABOUT_RETURN_TYPE = YES_ERROR;
				GCC_WARN_UNDECLARED_SELECTOR = YES;
				GCC_WARN_UNINITIALIZED_AUTOS = YES_AGGRESSIVE;
				GCC_WARN_UNUSED_FUNCTION = YES;
				GCC_WARN_UNUSED_VARIABLE = YES;
				IPHONEOS_DEPLOYMENT_TARGET = 12.1;
				MTL_ENABLE_DEBUG_INFO = NO;
				MTL_FAST_MATH = YES;
				SDKROOT = iphoneos;
				SWIFT_COMPILATION_MODE = wholemodule;
				SWIFT_OPTIMIZATION_LEVEL = "-O";
				VALIDATE_PRODUCT = YES;
			};
			name = Release;
		};
		EF5D3E2921B883F3003C11E2 /* Debug */ = {
			isa = XCBuildConfiguration;
			buildSettings = {
				ASSETCATALOG_COMPILER_APPICON_NAME = AppIcon;
				CODE_SIGN_STYLE = Automatic;
				DEVELOPMENT_TEAM = D6S259NNYZ;
				INFOPLIST_FILE = Todoey/Info.plist;
				IPHONEOS_DEPLOYMENT_TARGET = 10.0;
				LD_RUNPATH_SEARCH_PATHS = (
					"$(inherited)",
					"@executable_path/Frameworks",
				);
				PRODUCT_BUNDLE_IDENTIFIER = com.bsinghamarjit.Todoey;
				PRODUCT_NAME = "$(TARGET_NAME)";
				SWIFT_VERSION = 4.2;
				TARGETED_DEVICE_FAMILY = 1;
			};
			name = Debug;
		};
		EF5D3E2A21B883F3003C11E2 /* Release */ = {
			isa = XCBuildConfiguration;
			buildSettings = {
				ASSETCATALOG_COMPILER_APPICON_NAME = AppIcon;
				CODE_SIGN_STYLE = Automatic;
				DEVELOPMENT_TEAM = D6S259NNYZ;
				INFOPLIST_FILE = Todoey/Info.plist;
				IPHONEOS_DEPLOYMENT_TARGET = 10.0;
				LD_RUNPATH_SEARCH_PATHS = (
					"$(inherited)",
					"@executable_path/Frameworks",
				);
				PRODUCT_BUNDLE_IDENTIFIER = com.bsinghamarjit.Todoey;
				PRODUCT_NAME = "$(TARGET_NAME)";
				SWIFT_VERSION = 4.2;
				TARGETED_DEVICE_FAMILY = 1;
			};
			name = Release;
		};
/* End XCBuildConfiguration section */

/* Begin XCConfigurationList section */
		EF5D3E1121B883F2003C11E2 /* Build configuration list for PBXProject "Todoey" */ = {
			isa = XCConfigurationList;
			buildConfigurations = (
				EF5D3E2621B883F3003C11E2 /* Debug */,
				EF5D3E2721B883F3003C11E2 /* Release */,
			);
			defaultConfigurationIsVisible = 0;
			defaultConfigurationName = Release;
		};
		EF5D3E2821B883F3003C11E2 /* Build configuration list for PBXNativeTarget "Todoey" */ = {
			isa = XCConfigurationList;
			buildConfigurations = (
				EF5D3E2921B883F3003C11E2 /* Debug */,
				EF5D3E2A21B883F3003C11E2 /* Release */,
			);
			defaultConfigurationIsVisible = 0;
			defaultConfigurationName = Release;
		};
/* End XCConfigurationList section */

/* Begin XCVersionGroup section */
		EF5D3E3121B89FCE003C11E2 /* DataModel.xcdatamodeld */ = {
			isa = XCVersionGroup;
			children = (
				EF5D3E3221B89FCE003C11E2 /* DataModel.xcdatamodel */,
			);
			currentVersion = EF5D3E3221B89FCE003C11E2 /* DataModel.xcdatamodel */;
			path = DataModel.xcdatamodeld;
			sourceTree = "<group>";
			versionGroupType = wrapper.xcdatamodel;
		};
/* End XCVersionGroup section */
	};
	rootObject = EF5D3E0E21B883F2003C11E2 /* Project object */;
}
